
Microsoft Visual Studio Solution File, Format Version 12.00
# Visual Studio 15
VisualStudioVersion = 15.0.28010.2048
MinimumVisualStudioVersion = 10.0.40219.1
Project("{FAE04EC0-301F-11D3-BF4B-00C04F79EFBC}") = "Vidos.Web", "Vidos.Web\Vidos.Web.csproj", "{2D53B1BD-2B9F-4996-B6D2-9F2A65A46049}"
EndProject
Project("{FAE04EC0-301F-11D3-BF4B-00C04F79EFBC}") = "Vidos.Data", "Vidos.Data\Vidos.Data.csproj", "{4CFBB0AF-8DA3-4068-B987-04DC85B01203}"
EndProject
Project("{FAE04EC0-301F-11D3-BF4B-00C04F79EFBC}") = "Vidos.Data.Models", "Vidos.Data.Models\Vidos.Data.Models.csproj", "{DD717B63-F797-457A-97FB-468BEEA9057F}"
EndProject
Project("{FAE04EC0-301F-11D3-BF4B-00C04F79EFBC}") = "Vidos.Common", "Vidos.Common\Vidos.Common.csproj", "{CC152BA7-1AF5-444A-B169-BBF1283384F7}"
EndProject
Global
	GlobalSection(SolutionConfigurationPlatforms) = preSolution
		Debug|Any CPU = Debug|Any CPU
		Release|Any CPU = Release|Any CPU
	EndGlobalSection
	GlobalSection(ProjectConfigurationPlatforms) = postSolution
		{2D53B1BD-2B9F-4996-B6D2-9F2A65A46049}.Debug|Any CPU.ActiveCfg = Debug|Any CPU
		{2D53B1BD-2B9F-4996-B6D2-9F2A65A46049}.Debug|Any CPU.Build.0 = Debug|Any CPU
		{2D53B1BD-2B9F-4996-B6D2-9F2A65A46049}.Release|Any CPU.ActiveCfg = Release|Any CPU
		{2D53B1BD-2B9F-4996-B6D2-9F2A65A46049}.Release|Any CPU.Build.0 = Release|Any CPU
		{4CFBB0AF-8DA3-4068-B987-04DC85B01203}.Debug|Any CPU.ActiveCfg = Debug|Any CPU
		{4CFBB0AF-8DA3-4068-B987-04DC85B01203}.Debug|Any CPU.Build.0 = Debug|Any CPU
		{4CFBB0AF-8DA3-4068-B987-04DC85B01203}.Release|Any CPU.ActiveCfg = Release|Any CPU
		{4CFBB0AF-8DA3-4068-B987-04DC85B01203}.Release|Any CPU.Build.0 = Release|Any CPU
		{DD717B63-F797-457A-97FB-468BEEA9057F}.Debug|Any CPU.ActiveCfg = Debug|Any CPU
		{DD717B63-F797-457A-97FB-468BEEA9057F}.Debug|Any CPU.Build.0 = Debug|Any CPU
		{DD717B63-F797-457A-97FB-468BEEA9057F}.Release|Any CPU.ActiveCfg = Release|Any CPU
		{DD717B63-F797-457A-97FB-468BEEA9057F}.Release|Any CPU.Build.0 = Release|Any CPU
		{CC152BA7-1AF5-444A-B169-BBF1283384F7}.Debug|Any CPU.ActiveCfg = Debug|Any CPU
		{CC152BA7-1AF5-444A-B169-BBF1283384F7}.Debug|Any CPU.Build.0 = Debug|Any CPU
		{CC152BA7-1AF5-444A-B169-BBF1283384F7}.Release|Any CPU.ActiveCfg = Release|Any CPU
		{CC152BA7-1AF5-444A-B169-BBF1283384F7}.Release|Any CPU.Build.0 = Release|Any CPU
	EndGlobalSection
	GlobalSection(SolutionProperties) = preSolution
		HideSolutionNode = FALSE
	EndGlobalSection
	GlobalSection(ExtensibilityGlobals) = postSolution
		SolutionGuid = {E789EA61-CAA5-44B6-8D04-B7285CDD5A83}
	EndGlobalSection
EndGlobal
