
Microsoft Visual Studio Solution File, Format Version 12.00
# Visual Studio 15
VisualStudioVersion = 15.0.28010.2048
MinimumVisualStudioVersion = 10.0.40219.1
Project("{9A19103F-16F7-4668-BE54-9A1E7A4F7556}") = "Vidos.Web", "Vidos.Web\Vidos.Web.csproj", "{2D53B1BD-2B9F-4996-B6D2-9F2A65A46049}"
EndProject
Project("{9A19103F-16F7-4668-BE54-9A1E7A4F7556}") = "Vidos.Data", "Vidos.Data\Vidos.Data.csproj", "{4CFBB0AF-8DA3-4068-B987-04DC85B01203}"
EndProject
Project("{9A19103F-16F7-4668-BE54-9A1E7A4F7556}") = "Vidos.Data.Models", "Vidos.Data.Models\Vidos.Data.Models.csproj", "{DD717B63-F797-457A-97FB-468BEEA9057F}"
EndProject
Project("{9A19103F-16F7-4668-BE54-9A1E7A4F7556}") = "Vidos.Common", "Vidos.Common\Vidos.Common.csproj", "{CC152BA7-1AF5-444A-B169-BBF1283384F7}"
EndProject
Project("{2150E333-8FDC-42A3-9474-1A3956D46DE8}") = "Data", "Data", "{80E3C7EB-7350-4BBA-9518-BCF24C3E14BE}"
EndProject
Project("{2150E333-8FDC-42A3-9474-1A3956D46DE8}") = "Web", "Web", "{44967AFF-3C76-4494-84AD-367BFA550843}"
EndProject
Project("{FAE04EC0-301F-11D3-BF4B-00C04F79EFBC}") = "Vidos.Data.Common", "Vidos.Data.Common\Vidos.Data.Common.csproj", "{BB2A2D88-BE8E-471E-AD95-3F45B2B26C58}"
EndProject
Project("{2150E333-8FDC-42A3-9474-1A3956D46DE8}") = "Services", "Services", "{772548E9-F61F-4C35-BCD9-60F74E9690EC}"
EndProject
Project("{FAE04EC0-301F-11D3-BF4B-00C04F79EFBC}") = "Vidos.Services.DataServices", "Vidos.Services.DataServices\Vidos.Services.DataServices.csproj", "{BE03C27F-AD69-4E16-8138-87F10AB165C9}"
EndProject
Project("{FAE04EC0-301F-11D3-BF4B-00C04F79EFBC}") = "Vidos.Services.Models", "Vidos.Services.Models\Vidos.Services.Models.csproj", "{FDDEE93D-3A71-4230-AD30-683393DAD750}"
EndProject
Project("{FAE04EC0-301F-11D3-BF4B-00C04F79EFBC}") = "Vidos.Services.Mapping", "Vidos.Services.Mapping\Vidos.Services.Mapping.csproj", "{F4E6FF1C-74B1-41F2-A75C-F68F878FC7F7}"
EndProject
Global
	GlobalSection(SolutionConfigurationPlatforms) = preSolution
		Debug|Any CPU = Debug|Any CPU
		Release|Any CPU = Release|Any CPU
	EndGlobalSection
	GlobalSection(ProjectConfigurationPlatforms) = postSolution
		{2D53B1BD-2B9F-4996-B6D2-9F2A65A46049}.Debug|Any CPU.ActiveCfg = Debug|Any CPU
		{2D53B1BD-2B9F-4996-B6D2-9F2A65A46049}.Debug|Any CPU.Build.0 = Debug|Any CPU
		{2D53B1BD-2B9F-4996-B6D2-9F2A65A46049}.Release|Any CPU.ActiveCfg = Release|Any CPU
		{2D53B1BD-2B9F-4996-B6D2-9F2A65A46049}.Release|Any CPU.Build.0 = Release|Any CPU
		{4CFBB0AF-8DA3-4068-B987-04DC85B01203}.Debug|Any CPU.ActiveCfg = Debug|Any CPU
		{4CFBB0AF-8DA3-4068-B987-04DC85B01203}.Debug|Any CPU.Build.0 = Debug|Any CPU
		{4CFBB0AF-8DA3-4068-B987-04DC85B01203}.Release|Any CPU.ActiveCfg = Release|Any CPU
		{4CFBB0AF-8DA3-4068-B987-04DC85B01203}.Release|Any CPU.Build.0 = Release|Any CPU
		{DD717B63-F797-457A-97FB-468BEEA9057F}.Debug|Any CPU.ActiveCfg = Debug|Any CPU
		{DD717B63-F797-457A-97FB-468BEEA9057F}.Debug|Any CPU.Build.0 = Debug|Any CPU
		{DD717B63-F797-457A-97FB-468BEEA9057F}.Release|Any CPU.ActiveCfg = Release|Any CPU
		{DD717B63-F797-457A-97FB-468BEEA9057F}.Release|Any CPU.Build.0 = Release|Any CPU
		{CC152BA7-1AF5-444A-B169-BBF1283384F7}.Debug|Any CPU.ActiveCfg = Debug|Any CPU
		{CC152BA7-1AF5-444A-B169-BBF1283384F7}.Debug|Any CPU.Build.0 = Debug|Any CPU
		{CC152BA7-1AF5-444A-B169-BBF1283384F7}.Release|Any CPU.ActiveCfg = Release|Any CPU
		{CC152BA7-1AF5-444A-B169-BBF1283384F7}.Release|Any CPU.Build.0 = Release|Any CPU
		{BB2A2D88-BE8E-471E-AD95-3F45B2B26C58}.Debug|Any CPU.ActiveCfg = Debug|Any CPU
		{BB2A2D88-BE8E-471E-AD95-3F45B2B26C58}.Debug|Any CPU.Build.0 = Debug|Any CPU
		{BB2A2D88-BE8E-471E-AD95-3F45B2B26C58}.Release|Any CPU.ActiveCfg = Release|Any CPU
		{BB2A2D88-BE8E-471E-AD95-3F45B2B26C58}.Release|Any CPU.Build.0 = Release|Any CPU
		{BE03C27F-AD69-4E16-8138-87F10AB165C9}.Debug|Any CPU.ActiveCfg = Debug|Any CPU
		{BE03C27F-AD69-4E16-8138-87F10AB165C9}.Debug|Any CPU.Build.0 = Debug|Any CPU
		{BE03C27F-AD69-4E16-8138-87F10AB165C9}.Release|Any CPU.ActiveCfg = Release|Any CPU
		{BE03C27F-AD69-4E16-8138-87F10AB165C9}.Release|Any CPU.Build.0 = Release|Any CPU
		{FDDEE93D-3A71-4230-AD30-683393DAD750}.Debug|Any CPU.ActiveCfg = Debug|Any CPU
		{FDDEE93D-3A71-4230-AD30-683393DAD750}.Debug|Any CPU.Build.0 = Debug|Any CPU
		{FDDEE93D-3A71-4230-AD30-683393DAD750}.Release|Any CPU.ActiveCfg = Release|Any CPU
		{FDDEE93D-3A71-4230-AD30-683393DAD750}.Release|Any CPU.Build.0 = Release|Any CPU
		{F4E6FF1C-74B1-41F2-A75C-F68F878FC7F7}.Debug|Any CPU.ActiveCfg = Debug|Any CPU
		{F4E6FF1C-74B1-41F2-A75C-F68F878FC7F7}.Debug|Any CPU.Build.0 = Debug|Any CPU
		{F4E6FF1C-74B1-41F2-A75C-F68F878FC7F7}.Release|Any CPU.ActiveCfg = Release|Any CPU
		{F4E6FF1C-74B1-41F2-A75C-F68F878FC7F7}.Release|Any CPU.Build.0 = Release|Any CPU
	EndGlobalSection
	GlobalSection(SolutionProperties) = preSolution
		HideSolutionNode = FALSE
	EndGlobalSection
	GlobalSection(NestedProjects) = preSolution
		{2D53B1BD-2B9F-4996-B6D2-9F2A65A46049} = {44967AFF-3C76-4494-84AD-367BFA550843}
		{4CFBB0AF-8DA3-4068-B987-04DC85B01203} = {80E3C7EB-7350-4BBA-9518-BCF24C3E14BE}
		{DD717B63-F797-457A-97FB-468BEEA9057F} = {80E3C7EB-7350-4BBA-9518-BCF24C3E14BE}
		{BB2A2D88-BE8E-471E-AD95-3F45B2B26C58} = {80E3C7EB-7350-4BBA-9518-BCF24C3E14BE}
		{BE03C27F-AD69-4E16-8138-87F10AB165C9} = {772548E9-F61F-4C35-BCD9-60F74E9690EC}
		{FDDEE93D-3A71-4230-AD30-683393DAD750} = {772548E9-F61F-4C35-BCD9-60F74E9690EC}
		{F4E6FF1C-74B1-41F2-A75C-F68F878FC7F7} = {772548E9-F61F-4C35-BCD9-60F74E9690EC}
	EndGlobalSection
	GlobalSection(ExtensibilityGlobals) = postSolution
		SolutionGuid = {E789EA61-CAA5-44B6-8D04-B7285CDD5A83}
	EndGlobalSection
EndGlobal
